
Microsoft Visual Studio Solution File, Format Version 12.00
Project("{2150E333-8FDC-42A3-9474-1A3956D46DE8}") = "src", "src", "{231257AD-83C9-46E6-A1ED-F7F170D9DA76}"
EndProject
Project("{FAE04EC0-301F-11D3-BF4B-00C04F79EFBC}") = "AskTyler.BL", "src\AskTyler.BL\AskTyler.BL.csproj", "{6F236E11-6F99-4011-A5D9-7B5E6348455C}"
EndProject
Project("{FAE04EC0-301F-11D3-BF4B-00C04F79EFBC}") = "AskTyler.DataAccess", "src\AskTyler.DataAccess\AskTyler.DataAccess.csproj", "{EBCB2386-4C8A-45CC-B5AA-0D6DE8619C5B}"
EndProject
Project("{FAE04EC0-301F-11D3-BF4B-00C04F79EFBC}") = "AskTyler.Service", "src\AskTyler.Service\AskTyler.Service.csproj", "{226BF39A-395E-4A0F-8FDE-7248ED5542EA}"
EndProject
Global
	GlobalSection(SolutionConfigurationPlatforms) = preSolution
		Debug|Any CPU = Debug|Any CPU
		Release|Any CPU = Release|Any CPU
	EndGlobalSection
	GlobalSection(ProjectConfigurationPlatforms) = postSolution
		{6F236E11-6F99-4011-A5D9-7B5E6348455C}.Debug|Any CPU.ActiveCfg = Debug|Any CPU
		{6F236E11-6F99-4011-A5D9-7B5E6348455C}.Debug|Any CPU.Build.0 = Debug|Any CPU
		{6F236E11-6F99-4011-A5D9-7B5E6348455C}.Release|Any CPU.ActiveCfg = Release|Any CPU
		{6F236E11-6F99-4011-A5D9-7B5E6348455C}.Release|Any CPU.Build.0 = Release|Any CPU
		{EBCB2386-4C8A-45CC-B5AA-0D6DE8619C5B}.Debug|Any CPU.ActiveCfg = Debug|Any CPU
		{EBCB2386-4C8A-45CC-B5AA-0D6DE8619C5B}.Debug|Any CPU.Build.0 = Debug|Any CPU
		{EBCB2386-4C8A-45CC-B5AA-0D6DE8619C5B}.Release|Any CPU.ActiveCfg = Release|Any CPU
		{EBCB2386-4C8A-45CC-B5AA-0D6DE8619C5B}.Release|Any CPU.Build.0 = Release|Any CPU
		{226BF39A-395E-4A0F-8FDE-7248ED5542EA}.Debug|Any CPU.ActiveCfg = Debug|Any CPU
		{226BF39A-395E-4A0F-8FDE-7248ED5542EA}.Debug|Any CPU.Build.0 = Debug|Any CPU
		{226BF39A-395E-4A0F-8FDE-7248ED5542EA}.Release|Any CPU.ActiveCfg = Release|Any CPU
		{226BF39A-395E-4A0F-8FDE-7248ED5542EA}.Release|Any CPU.Build.0 = Release|Any CPU
	EndGlobalSection
	GlobalSection(NestedProjects) = preSolution
		{6F236E11-6F99-4011-A5D9-7B5E6348455C} = {231257AD-83C9-46E6-A1ED-F7F170D9DA76}
		{EBCB2386-4C8A-45CC-B5AA-0D6DE8619C5B} = {231257AD-83C9-46E6-A1ED-F7F170D9DA76}
		{226BF39A-395E-4A0F-8FDE-7248ED5542EA} = {231257AD-83C9-46E6-A1ED-F7F170D9DA76}
	EndGlobalSection
EndGlobal
