
Microsoft Visual Studio Solution File, Format Version 12.00
Project("{FAE04EC0-301F-11D3-BF4B-00C04F79EFBC}") = "AskTyler.Service", "AskTyler.Service\AskTyler.Service.csproj", "{845FD333-4786-423C-B8D5-300F7E184638}"
EndProject
Project("{2150E333-8FDC-42A3-9474-1A3956D46DE8}") = "src", "src", "{231257AD-83C9-46E6-A1ED-F7F170D9DA76}"
EndProject
Project("{FAE04EC0-301F-11D3-BF4B-00C04F79EFBC}") = "AskTyler.BL", "AskTyler.BL\AskTyler.BL.csproj", "{4430CEBA-7A62-4772-A793-DC6F821AC59A}"
EndProject
Project("{FAE04EC0-301F-11D3-BF4B-00C04F79EFBC}") = "AskTyler.DataAccess", "AskTyler.DataAccess\AskTyler.DataAccess.csproj", "{C3A2F917-CE2D-4895-B82F-BE74D5D37F49}"
EndProject
Global
	GlobalSection(SolutionConfigurationPlatforms) = preSolution
		Debug|Any CPU = Debug|Any CPU
		Release|Any CPU = Release|Any CPU
	EndGlobalSection
	GlobalSection(ProjectConfigurationPlatforms) = postSolution
		{845FD333-4786-423C-B8D5-300F7E184638}.Debug|Any CPU.ActiveCfg = Debug|Any CPU
		{845FD333-4786-423C-B8D5-300F7E184638}.Debug|Any CPU.Build.0 = Debug|Any CPU
		{845FD333-4786-423C-B8D5-300F7E184638}.Release|Any CPU.ActiveCfg = Release|Any CPU
		{845FD333-4786-423C-B8D5-300F7E184638}.Release|Any CPU.Build.0 = Release|Any CPU
		{4430CEBA-7A62-4772-A793-DC6F821AC59A}.Debug|Any CPU.ActiveCfg = Debug|Any CPU
		{4430CEBA-7A62-4772-A793-DC6F821AC59A}.Debug|Any CPU.Build.0 = Debug|Any CPU
		{4430CEBA-7A62-4772-A793-DC6F821AC59A}.Release|Any CPU.ActiveCfg = Release|Any CPU
		{4430CEBA-7A62-4772-A793-DC6F821AC59A}.Release|Any CPU.Build.0 = Release|Any CPU
		{C3A2F917-CE2D-4895-B82F-BE74D5D37F49}.Debug|Any CPU.ActiveCfg = Debug|Any CPU
		{C3A2F917-CE2D-4895-B82F-BE74D5D37F49}.Debug|Any CPU.Build.0 = Debug|Any CPU
		{C3A2F917-CE2D-4895-B82F-BE74D5D37F49}.Release|Any CPU.ActiveCfg = Release|Any CPU
		{C3A2F917-CE2D-4895-B82F-BE74D5D37F49}.Release|Any CPU.Build.0 = Release|Any CPU
	EndGlobalSection
	GlobalSection(NestedProjects) = preSolution
		{845FD333-4786-423C-B8D5-300F7E184638} = {231257AD-83C9-46E6-A1ED-F7F170D9DA76}
		{4430CEBA-7A62-4772-A793-DC6F821AC59A} = {231257AD-83C9-46E6-A1ED-F7F170D9DA76}
		{C3A2F917-CE2D-4895-B82F-BE74D5D37F49} = {231257AD-83C9-46E6-A1ED-F7F170D9DA76}
	EndGlobalSection
EndGlobal
